// !$*UTF8*$!
{
	archiveVersion = 1;
	classes = {
	};
	objectVersion = 51;
	objects = {

/* Begin PBXBuildFile section */
		25C98F18ED53412D11B93341 /* Pods_ParstagramTests.framework in Frameworks */ = {isa = PBXBuildFile; fileRef = A360AAAF14F1CAA3C15BA96C /* Pods_ParstagramTests.framework */; };
		3D79E985AABC0D5FDFEB7531 /* Pods_Parstagram_ParstagramUITests.framework in Frameworks */ = {isa = PBXBuildFile; fileRef = A054659E23764EBA8F712D05 /* Pods_Parstagram_ParstagramUITests.framework */; };
		49B85541BB4B7FB679C3A928 /* Pods_Parstagram.framework in Frameworks */ = {isa = PBXBuildFile; fileRef = 6385C10C971EB78593C6F284 /* Pods_Parstagram.framework */; };
		72100C422550ABA800BF10CF /* CameraViewController.swift in Sources */ = {isa = PBXBuildFile; fileRef = 72100C412550ABA800BF10CF /* CameraViewController.swift */; };
		72100C522550BED100BF10CF /* PostCell.swift in Sources */ = {isa = PBXBuildFile; fileRef = 72100C512550BED100BF10CF /* PostCell.swift */; };
		72100C572550E6F500BF10CF /* CommentCell.swift in Sources */ = {isa = PBXBuildFile; fileRef = 72100C562550E6F400BF10CF /* CommentCell.swift */; };
		728E9714254A45E200B5AD86 /* AppDelegate.swift in Sources */ = {isa = PBXBuildFile; fileRef = 728E9713254A45E200B5AD86 /* AppDelegate.swift */; };
		728E9716254A45E200B5AD86 /* SceneDelegate.swift in Sources */ = {isa = PBXBuildFile; fileRef = 728E9715254A45E200B5AD86 /* SceneDelegate.swift */; };
		728E971B254A45E200B5AD86 /* Main.storyboard in Resources */ = {isa = PBXBuildFile; fileRef = 728E9719254A45E200B5AD86 /* Main.storyboard */; };
		728E971D254A45E500B5AD86 /* Assets.xcassets in Resources */ = {isa = PBXBuildFile; fileRef = 728E971C254A45E500B5AD86 /* Assets.xcassets */; };
		728E9720254A45E500B5AD86 /* LaunchScreen.storyboard in Resources */ = {isa = PBXBuildFile; fileRef = 728E971E254A45E500B5AD86 /* LaunchScreen.storyboard */; };
		728E972B254A45E600B5AD86 /* ParstagramTests.swift in Sources */ = {isa = PBXBuildFile; fileRef = 728E972A254A45E600B5AD86 /* ParstagramTests.swift */; };
		728E9736254A45E600B5AD86 /* ParstagramUITests.swift in Sources */ = {isa = PBXBuildFile; fileRef = 728E9735254A45E600B5AD86 /* ParstagramUITests.swift */; };
		728E975C254A66E700B5AD86 /* LoginViewController.swift in Sources */ = {isa = PBXBuildFile; fileRef = 728E975B254A66E700B5AD86 /* LoginViewController.swift */; };
		728E9761254A66F500B5AD86 /* FeedViewController.swift in Sources */ = {isa = PBXBuildFile; fileRef = 728E9760254A66F500B5AD86 /* FeedViewController.swift */; };
/* End PBXBuildFile section */

/* Begin PBXContainerItemProxy section */
		728E9727254A45E600B5AD86 /* PBXContainerItemProxy */ = {
			isa = PBXContainerItemProxy;
			containerPortal = 728E9708254A45E200B5AD86 /* Project object */;
			proxyType = 1;
			remoteGlobalIDString = 728E970F254A45E200B5AD86;
			remoteInfo = Parstagram;
		};
		728E9732254A45E600B5AD86 /* PBXContainerItemProxy */ = {
			isa = PBXContainerItemProxy;
			containerPortal = 728E9708254A45E200B5AD86 /* Project object */;
			proxyType = 1;
			remoteGlobalIDString = 728E970F254A45E200B5AD86;
			remoteInfo = Parstagram;
		};
/* End PBXContainerItemProxy section */

/* Begin PBXFileReference section */
		13D06A18FF478712D8A6CF28 /* Pods-ParstagramTests.debug.xcconfig */ = {isa = PBXFileReference; includeInIndex = 1; lastKnownFileType = text.xcconfig; name = "Pods-ParstagramTests.debug.xcconfig"; path = "Target Support Files/Pods-ParstagramTests/Pods-ParstagramTests.debug.xcconfig"; sourceTree = "<group>"; };
		257C432124813EE77050B373 /* Pods-Parstagram-ParstagramUITests.debug.xcconfig */ = {isa = PBXFileReference; includeInIndex = 1; lastKnownFileType = text.xcconfig; name = "Pods-Parstagram-ParstagramUITests.debug.xcconfig"; path = "Target Support Files/Pods-Parstagram-ParstagramUITests/Pods-Parstagram-ParstagramUITests.debug.xcconfig"; sourceTree = "<group>"; };
		440056BD7D8C543E3C1D69FD /* Pods-Parstagram.debug.xcconfig */ = {isa = PBXFileReference; includeInIndex = 1; lastKnownFileType = text.xcconfig; name = "Pods-Parstagram.debug.xcconfig"; path = "Target Support Files/Pods-Parstagram/Pods-Parstagram.debug.xcconfig"; sourceTree = "<group>"; };
		6385C10C971EB78593C6F284 /* Pods_Parstagram.framework */ = {isa = PBXFileReference; explicitFileType = wrapper.framework; includeInIndex = 0; path = Pods_Parstagram.framework; sourceTree = BUILT_PRODUCTS_DIR; };
		72100C412550ABA800BF10CF /* CameraViewController.swift */ = {isa = PBXFileReference; lastKnownFileType = sourcecode.swift; path = CameraViewController.swift; sourceTree = "<group>"; };
		72100C512550BED100BF10CF /* PostCell.swift */ = {isa = PBXFileReference; lastKnownFileType = sourcecode.swift; path = PostCell.swift; sourceTree = "<group>"; };
		72100C562550E6F400BF10CF /* CommentCell.swift */ = {isa = PBXFileReference; lastKnownFileType = sourcecode.swift; path = CommentCell.swift; sourceTree = "<group>"; };
		728E9710254A45E200B5AD86 /* Parstagram.app */ = {isa = PBXFileReference; explicitFileType = wrapper.application; includeInIndex = 0; path = Parstagram.app; sourceTree = BUILT_PRODUCTS_DIR; };
		728E9713254A45E200B5AD86 /* AppDelegate.swift */ = {isa = PBXFileReference; lastKnownFileType = sourcecode.swift; path = AppDelegate.swift; sourceTree = "<group>"; };
		728E9715254A45E200B5AD86 /* SceneDelegate.swift */ = {isa = PBXFileReference; lastKnownFileType = sourcecode.swift; path = SceneDelegate.swift; sourceTree = "<group>"; };
		728E971A254A45E200B5AD86 /* Base */ = {isa = PBXFileReference; lastKnownFileType = file.storyboard; name = Base; path = Base.lproj/Main.storyboard; sourceTree = "<group>"; };
		728E971C254A45E500B5AD86 /* Assets.xcassets */ = {isa = PBXFileReference; lastKnownFileType = folder.assetcatalog; path = Assets.xcassets; sourceTree = "<group>"; };
		728E971F254A45E500B5AD86 /* Base */ = {isa = PBXFileReference; lastKnownFileType = file.storyboard; name = Base; path = Base.lproj/LaunchScreen.storyboard; sourceTree = "<group>"; };
		728E9721254A45E500B5AD86 /* Info.plist */ = {isa = PBXFileReference; lastKnownFileType = text.plist.xml; path = Info.plist; sourceTree = "<group>"; };
		728E9726254A45E600B5AD86 /* ParstagramTests.xctest */ = {isa = PBXFileReference; explicitFileType = wrapper.cfbundle; includeInIndex = 0; path = ParstagramTests.xctest; sourceTree = BUILT_PRODUCTS_DIR; };
		728E972A254A45E600B5AD86 /* ParstagramTests.swift */ = {isa = PBXFileReference; lastKnownFileType = sourcecode.swift; path = ParstagramTests.swift; sourceTree = "<group>"; };
		728E972C254A45E600B5AD86 /* Info.plist */ = {isa = PBXFileReference; lastKnownFileType = text.plist.xml; path = Info.plist; sourceTree = "<group>"; };
		728E9731254A45E600B5AD86 /* ParstagramUITests.xctest */ = {isa = PBXFileReference; explicitFileType = wrapper.cfbundle; includeInIndex = 0; path = ParstagramUITests.xctest; sourceTree = BUILT_PRODUCTS_DIR; };
		728E9735254A45E600B5AD86 /* ParstagramUITests.swift */ = {isa = PBXFileReference; lastKnownFileType = sourcecode.swift; path = ParstagramUITests.swift; sourceTree = "<group>"; };
		728E9737254A45E600B5AD86 /* Info.plist */ = {isa = PBXFileReference; lastKnownFileType = text.plist.xml; path = Info.plist; sourceTree = "<group>"; };
		728E975B254A66E700B5AD86 /* LoginViewController.swift */ = {isa = PBXFileReference; lastKnownFileType = sourcecode.swift; path = LoginViewController.swift; sourceTree = "<group>"; };
		728E9760254A66F500B5AD86 /* FeedViewController.swift */ = {isa = PBXFileReference; lastKnownFileType = sourcecode.swift; path = FeedViewController.swift; sourceTree = "<group>"; };
		A054659E23764EBA8F712D05 /* Pods_Parstagram_ParstagramUITests.framework */ = {isa = PBXFileReference; explicitFileType = wrapper.framework; includeInIndex = 0; path = Pods_Parstagram_ParstagramUITests.framework; sourceTree = BUILT_PRODUCTS_DIR; };
		A360AAAF14F1CAA3C15BA96C /* Pods_ParstagramTests.framework */ = {isa = PBXFileReference; explicitFileType = wrapper.framework; includeInIndex = 0; path = Pods_ParstagramTests.framework; sourceTree = BUILT_PRODUCTS_DIR; };
		D724D077D681D014F85EBA59 /* Pods-Parstagram-ParstagramUITests.release.xcconfig */ = {isa = PBXFileReference; includeInIndex = 1; lastKnownFileType = text.xcconfig; name = "Pods-Parstagram-ParstagramUITests.release.xcconfig"; path = "Target Support Files/Pods-Parstagram-ParstagramUITests/Pods-Parstagram-ParstagramUITests.release.xcconfig"; sourceTree = "<group>"; };
		FCA23EACA3368B6D8C8D16CA /* Pods-Parstagram.release.xcconfig */ = {isa = PBXFileReference; includeInIndex = 1; lastKnownFileType = text.xcconfig; name = "Pods-Parstagram.release.xcconfig"; path = "Target Support Files/Pods-Parstagram/Pods-Parstagram.release.xcconfig"; sourceTree = "<group>"; };
		FF574A4E0C3A73B913C1C58C /* Pods-ParstagramTests.release.xcconfig */ = {isa = PBXFileReference; includeInIndex = 1; lastKnownFileType = text.xcconfig; name = "Pods-ParstagramTests.release.xcconfig"; path = "Target Support Files/Pods-ParstagramTests/Pods-ParstagramTests.release.xcconfig"; sourceTree = "<group>"; };
/* End PBXFileReference section */

/* Begin PBXFrameworksBuildPhase section */
		728E970D254A45E200B5AD86 /* Frameworks */ = {
			isa = PBXFrameworksBuildPhase;
			buildActionMask = 2147483647;
			files = (
				49B85541BB4B7FB679C3A928 /* Pods_Parstagram.framework in Frameworks */,
			);
			runOnlyForDeploymentPostprocessing = 0;
		};
		728E9723254A45E600B5AD86 /* Frameworks */ = {
			isa = PBXFrameworksBuildPhase;
			buildActionMask = 2147483647;
			files = (
				25C98F18ED53412D11B93341 /* Pods_ParstagramTests.framework in Frameworks */,
			);
			runOnlyForDeploymentPostprocessing = 0;
		};
		728E972E254A45E600B5AD86 /* Frameworks */ = {
			isa = PBXFrameworksBuildPhase;
			buildActionMask = 2147483647;
			files = (
				3D79E985AABC0D5FDFEB7531 /* Pods_Parstagram_ParstagramUITests.framework in Frameworks */,
			);
			runOnlyForDeploymentPostprocessing = 0;
		};
/* End PBXFrameworksBuildPhase section */

/* Begin PBXGroup section */
		06C2490C0DB5C297F0426380 /* Frameworks */ = {
			isa = PBXGroup;
			children = (
				6385C10C971EB78593C6F284 /* Pods_Parstagram.framework */,
				A054659E23764EBA8F712D05 /* Pods_Parstagram_ParstagramUITests.framework */,
				A360AAAF14F1CAA3C15BA96C /* Pods_ParstagramTests.framework */,
			);
			name = Frameworks;
			sourceTree = "<group>";
		};
		30EC1B0C1C9811EF2F27700A /* Pods */ = {
			isa = PBXGroup;
			children = (
				440056BD7D8C543E3C1D69FD /* Pods-Parstagram.debug.xcconfig */,
				FCA23EACA3368B6D8C8D16CA /* Pods-Parstagram.release.xcconfig */,
				257C432124813EE77050B373 /* Pods-Parstagram-ParstagramUITests.debug.xcconfig */,
				D724D077D681D014F85EBA59 /* Pods-Parstagram-ParstagramUITests.release.xcconfig */,
				13D06A18FF478712D8A6CF28 /* Pods-ParstagramTests.debug.xcconfig */,
				FF574A4E0C3A73B913C1C58C /* Pods-ParstagramTests.release.xcconfig */,
			);
			path = Pods;
			sourceTree = "<group>";
		};
		728E9707254A45E200B5AD86 = {
			isa = PBXGroup;
			children = (
				728E9712254A45E200B5AD86 /* Parstagram */,
				728E9729254A45E600B5AD86 /* ParstagramTests */,
				728E9734254A45E600B5AD86 /* ParstagramUITests */,
				728E9711254A45E200B5AD86 /* Products */,
				30EC1B0C1C9811EF2F27700A /* Pods */,
				06C2490C0DB5C297F0426380 /* Frameworks */,
			);
			sourceTree = "<group>";
		};
		728E9711254A45E200B5AD86 /* Products */ = {
			isa = PBXGroup;
			children = (
				728E9710254A45E200B5AD86 /* Parstagram.app */,
				728E9726254A45E600B5AD86 /* ParstagramTests.xctest */,
				728E9731254A45E600B5AD86 /* ParstagramUITests.xctest */,
			);
			name = Products;
			sourceTree = "<group>";
		};
		728E9712254A45E200B5AD86 /* Parstagram */ = {
			isa = PBXGroup;
			children = (
				728E9713254A45E200B5AD86 /* AppDelegate.swift */,
				728E9715254A45E200B5AD86 /* SceneDelegate.swift */,
				728E9719254A45E200B5AD86 /* Main.storyboard */,
				728E971C254A45E500B5AD86 /* Assets.xcassets */,
				728E971E254A45E500B5AD86 /* LaunchScreen.storyboard */,
				728E9721254A45E500B5AD86 /* Info.plist */,
				728E975B254A66E700B5AD86 /* LoginViewController.swift */,
				728E9760254A66F500B5AD86 /* FeedViewController.swift */,
				72100C412550ABA800BF10CF /* CameraViewController.swift */,
				72100C512550BED100BF10CF /* PostCell.swift */,
				72100C562550E6F400BF10CF /* CommentCell.swift */,
			);
			path = Parstagram;
			sourceTree = "<group>";
		};
		728E9729254A45E600B5AD86 /* ParstagramTests */ = {
			isa = PBXGroup;
			children = (
				728E972A254A45E600B5AD86 /* ParstagramTests.swift */,
				728E972C254A45E600B5AD86 /* Info.plist */,
			);
			path = ParstagramTests;
			sourceTree = "<group>";
		};
		728E9734254A45E600B5AD86 /* ParstagramUITests */ = {
			isa = PBXGroup;
			children = (
				728E9735254A45E600B5AD86 /* ParstagramUITests.swift */,
				728E9737254A45E600B5AD86 /* Info.plist */,
			);
			path = ParstagramUITests;
			sourceTree = "<group>";
		};
/* End PBXGroup section */

/* Begin PBXNativeTarget section */
		728E970F254A45E200B5AD86 /* Parstagram */ = {
			isa = PBXNativeTarget;
			buildConfigurationList = 728E973A254A45E600B5AD86 /* Build configuration list for PBXNativeTarget "Parstagram" */;
			buildPhases = (
				5C93D5DE04A5D0B5C87DF6B0 /* [CP] Check Pods Manifest.lock */,
				728E970C254A45E200B5AD86 /* Sources */,
				728E970D254A45E200B5AD86 /* Frameworks */,
				728E970E254A45E200B5AD86 /* Resources */,
				4F857A77DDEB70A590937174 /* [CP] Embed Pods Frameworks */,
			);
			buildRules = (
			);
			dependencies = (
			);
			name = Parstagram;
			productName = Parstagram;
			productReference = 728E9710254A45E200B5AD86 /* Parstagram.app */;
			productType = "com.apple.product-type.application";
		};
		728E9725254A45E600B5AD86 /* ParstagramTests */ = {
			isa = PBXNativeTarget;
			buildConfigurationList = 728E973D254A45E600B5AD86 /* Build configuration list for PBXNativeTarget "ParstagramTests" */;
			buildPhases = (
				2324FD3CC1A656A75FBEDDBA /* [CP] Check Pods Manifest.lock */,
				728E9722254A45E600B5AD86 /* Sources */,
				728E9723254A45E600B5AD86 /* Frameworks */,
				728E9724254A45E600B5AD86 /* Resources */,
			);
			buildRules = (
			);
			dependencies = (
				728E9728254A45E600B5AD86 /* PBXTargetDependency */,
			);
			name = ParstagramTests;
			productName = ParstagramTests;
			productReference = 728E9726254A45E600B5AD86 /* ParstagramTests.xctest */;
			productType = "com.apple.product-type.bundle.unit-test";
		};
		728E9730254A45E600B5AD86 /* ParstagramUITests */ = {
			isa = PBXNativeTarget;
			buildConfigurationList = 728E9740254A45E600B5AD86 /* Build configuration list for PBXNativeTarget "ParstagramUITests" */;
			buildPhases = (
				115EC403417C48F7905C6E39 /* [CP] Check Pods Manifest.lock */,
				728E972D254A45E600B5AD86 /* Sources */,
				728E972E254A45E600B5AD86 /* Frameworks */,
				728E972F254A45E600B5AD86 /* Resources */,
				181BB7DF04BC87F41528FBD5 /* [CP] Embed Pods Frameworks */,
			);
			buildRules = (
			);
			dependencies = (
				728E9733254A45E600B5AD86 /* PBXTargetDependency */,
			);
			name = ParstagramUITests;
			productName = ParstagramUITests;
			productReference = 728E9731254A45E600B5AD86 /* ParstagramUITests.xctest */;
			productType = "com.apple.product-type.bundle.ui-testing";
		};
/* End PBXNativeTarget section */

/* Begin PBXProject section */
		728E9708254A45E200B5AD86 /* Project object */ = {
			isa = PBXProject;
			attributes = {
				LastSwiftUpdateCheck = 1210;
				LastUpgradeCheck = 1210;
				TargetAttributes = {
					728E970F254A45E200B5AD86 = {
						CreatedOnToolsVersion = 12.1;
					};
					728E9725254A45E600B5AD86 = {
						CreatedOnToolsVersion = 12.1;
						TestTargetID = 728E970F254A45E200B5AD86;
					};
					728E9730254A45E600B5AD86 = {
						CreatedOnToolsVersion = 12.1;
						TestTargetID = 728E970F254A45E200B5AD86;
					};
				};
			};
			buildConfigurationList = 728E970B254A45E200B5AD86 /* Build configuration list for PBXProject "Parstagram" */;
			compatibilityVersion = "Xcode 9.3";
			developmentRegion = en;
			hasScannedForEncodings = 0;
			knownRegions = (
				en,
				Base,
			);
			mainGroup = 728E9707254A45E200B5AD86;
			productRefGroup = 728E9711254A45E200B5AD86 /* Products */;
			projectDirPath = "";
			projectRoot = "";
			targets = (
				728E970F254A45E200B5AD86 /* Parstagram */,
				728E9725254A45E600B5AD86 /* ParstagramTests */,
				728E9730254A45E600B5AD86 /* ParstagramUITests */,
			);
		};
/* End PBXProject section */

/* Begin PBXResourcesBuildPhase section */
		728E970E254A45E200B5AD86 /* Resources */ = {
			isa = PBXResourcesBuildPhase;
			buildActionMask = 2147483647;
			files = (
				728E9720254A45E500B5AD86 /* LaunchScreen.storyboard in Resources */,
				728E971D254A45E500B5AD86 /* Assets.xcassets in Resources */,
				728E971B254A45E200B5AD86 /* Main.storyboard in Resources */,
			);
			runOnlyForDeploymentPostprocessing = 0;
		};
		728E9724254A45E600B5AD86 /* Resources */ = {
			isa = PBXResourcesBuildPhase;
			buildActionMask = 2147483647;
			files = (
			);
			runOnlyForDeploymentPostprocessing = 0;
		};
		728E972F254A45E600B5AD86 /* Resources */ = {
			isa = PBXResourcesBuildPhase;
			buildActionMask = 2147483647;
			files = (
			);
			runOnlyForDeploymentPostprocessing = 0;
		};
/* End PBXResourcesBuildPhase section */

/* Begin PBXShellScriptBuildPhase section */
		115EC403417C48F7905C6E39 /* [CP] Check Pods Manifest.lock */ = {
			isa = PBXShellScriptBuildPhase;
			buildActionMask = 2147483647;
			files = (
			);
			inputFileListPaths = (
			);
			inputPaths = (
				"${PODS_PODFILE_DIR_PATH}/Podfile.lock",
				"${PODS_ROOT}/Manifest.lock",
			);
			name = "[CP] Check Pods Manifest.lock";
			outputFileListPaths = (
			);
			outputPaths = (
				"$(DERIVED_FILE_DIR)/Pods-Parstagram-ParstagramUITests-checkManifestLockResult.txt",
			);
			runOnlyForDeploymentPostprocessing = 0;
			shellPath = /bin/sh;
			shellScript = "diff \"${PODS_PODFILE_DIR_PATH}/Podfile.lock\" \"${PODS_ROOT}/Manifest.lock\" > /dev/null\nif [ $? != 0 ] ; then\n    # print error to STDERR\n    echo \"error: The sandbox is not in sync with the Podfile.lock. Run 'pod install' or update your CocoaPods installation.\" >&2\n    exit 1\nfi\n# This output is used by Xcode 'outputs' to avoid re-running this script phase.\necho \"SUCCESS\" > \"${SCRIPT_OUTPUT_FILE_0}\"\n";
			showEnvVarsInLog = 0;
		};
		181BB7DF04BC87F41528FBD5 /* [CP] Embed Pods Frameworks */ = {
			isa = PBXShellScriptBuildPhase;
			buildActionMask = 2147483647;
			files = (
			);
			inputFileListPaths = (
				"${PODS_ROOT}/Target Support Files/Pods-Parstagram-ParstagramUITests/Pods-Parstagram-ParstagramUITests-frameworks-${CONFIGURATION}-input-files.xcfilelist",
			);
			name = "[CP] Embed Pods Frameworks";
			outputFileListPaths = (
				"${PODS_ROOT}/Target Support Files/Pods-Parstagram-ParstagramUITests/Pods-Parstagram-ParstagramUITests-frameworks-${CONFIGURATION}-output-files.xcfilelist",
			);
			runOnlyForDeploymentPostprocessing = 0;
			shellPath = /bin/sh;
			shellScript = "\"${PODS_ROOT}/Target Support Files/Pods-Parstagram-ParstagramUITests/Pods-Parstagram-ParstagramUITests-frameworks.sh\"\n";
			showEnvVarsInLog = 0;
		};
		2324FD3CC1A656A75FBEDDBA /* [CP] Check Pods Manifest.lock */ = {
			isa = PBXShellScriptBuildPhase;
			buildActionMask = 2147483647;
			files = (
			);
			inputFileListPaths = (
			);
			inputPaths = (
				"${PODS_PODFILE_DIR_PATH}/Podfile.lock",
				"${PODS_ROOT}/Manifest.lock",
			);
			name = "[CP] Check Pods Manifest.lock";
			outputFileListPaths = (
			);
			outputPaths = (
				"$(DERIVED_FILE_DIR)/Pods-ParstagramTests-checkManifestLockResult.txt",
			);
			runOnlyForDeploymentPostprocessing = 0;
			shellPath = /bin/sh;
			shellScript = "diff \"${PODS_PODFILE_DIR_PATH}/Podfile.lock\" \"${PODS_ROOT}/Manifest.lock\" > /dev/null\nif [ $? != 0 ] ; then\n    # print error to STDERR\n    echo \"error: The sandbox is not in sync with the Podfile.lock. Run 'pod install' or update your CocoaPods installation.\" >&2\n    exit 1\nfi\n# This output is used by Xcode 'outputs' to avoid re-running this script phase.\necho \"SUCCESS\" > \"${SCRIPT_OUTPUT_FILE_0}\"\n";
			showEnvVarsInLog = 0;
		};
		4F857A77DDEB70A590937174 /* [CP] Embed Pods Frameworks */ = {
			isa = PBXShellScriptBuildPhase;
			buildActionMask = 2147483647;
			files = (
			);
			inputFileListPaths = (
				"${PODS_ROOT}/Target Support Files/Pods-Parstagram/Pods-Parstagram-frameworks-${CONFIGURATION}-input-files.xcfilelist",
			);
			name = "[CP] Embed Pods Frameworks";
			outputFileListPaths = (
				"${PODS_ROOT}/Target Support Files/Pods-Parstagram/Pods-Parstagram-frameworks-${CONFIGURATION}-output-files.xcfilelist",
			);
			runOnlyForDeploymentPostprocessing = 0;
			shellPath = /bin/sh;
			shellScript = "\"${PODS_ROOT}/Target Support Files/Pods-Parstagram/Pods-Parstagram-frameworks.sh\"\n";
			showEnvVarsInLog = 0;
		};
		5C93D5DE04A5D0B5C87DF6B0 /* [CP] Check Pods Manifest.lock */ = {
			isa = PBXShellScriptBuildPhase;
			buildActionMask = 2147483647;
			files = (
			);
			inputFileListPaths = (
			);
			inputPaths = (
				"${PODS_PODFILE_DIR_PATH}/Podfile.lock",
				"${PODS_ROOT}/Manifest.lock",
			);
			name = "[CP] Check Pods Manifest.lock";
			outputFileListPaths = (
			);
			outputPaths = (
				"$(DERIVED_FILE_DIR)/Pods-Parstagram-checkManifestLockResult.txt",
			);
			runOnlyForDeploymentPostprocessing = 0;
			shellPath = /bin/sh;
			shellScript = "diff \"${PODS_PODFILE_DIR_PATH}/Podfile.lock\" \"${PODS_ROOT}/Manifest.lock\" > /dev/null\nif [ $? != 0 ] ; then\n    # print error to STDERR\n    echo \"error: The sandbox is not in sync with the Podfile.lock. Run 'pod install' or update your CocoaPods installation.\" >&2\n    exit 1\nfi\n# This output is used by Xcode 'outputs' to avoid re-running this script phase.\necho \"SUCCESS\" > \"${SCRIPT_OUTPUT_FILE_0}\"\n";
			showEnvVarsInLog = 0;
		};
/* End PBXShellScriptBuildPhase section */

/* Begin PBXSourcesBuildPhase section */
		728E970C254A45E200B5AD86 /* Sources */ = {
			isa = PBXSourcesBuildPhase;
			buildActionMask = 2147483647;
			files = (
				728E975C254A66E700B5AD86 /* LoginViewController.swift in Sources */,
				72100C422550ABA800BF10CF /* CameraViewController.swift in Sources */,
				728E9714254A45E200B5AD86 /* AppDelegate.swift in Sources */,
				728E9761254A66F500B5AD86 /* FeedViewController.swift in Sources */,
				728E9716254A45E200B5AD86 /* SceneDelegate.swift in Sources */,
				72100C522550BED100BF10CF /* PostCell.swift in Sources */,
				72100C572550E6F500BF10CF /* CommentCell.swift in Sources */,
			);
			runOnlyForDeploymentPostprocessing = 0;
		};
		728E9722254A45E600B5AD86 /* Sources */ = {
			isa = PBXSourcesBuildPhase;
			buildActionMask = 2147483647;
			files = (
				728E972B254A45E600B5AD86 /* ParstagramTests.swift in Sources */,
			);
			runOnlyForDeploymentPostprocessing = 0;
		};
		728E972D254A45E600B5AD86 /* Sources */ = {
			isa = PBXSourcesBuildPhase;
			buildActionMask = 2147483647;
			files = (
				728E9736254A45E600B5AD86 /* ParstagramUITests.swift in Sources */,
			);
			runOnlyForDeploymentPostprocessing = 0;
		};
/* End PBXSourcesBuildPhase section */

/* Begin PBXTargetDependency section */
		728E9728254A45E600B5AD86 /* PBXTargetDependency */ = {
			isa = PBXTargetDependency;
			target = 728E970F254A45E200B5AD86 /* Parstagram */;
			targetProxy = 728E9727254A45E600B5AD86 /* PBXContainerItemProxy */;
		};
		728E9733254A45E600B5AD86 /* PBXTargetDependency */ = {
			isa = PBXTargetDependency;
			target = 728E970F254A45E200B5AD86 /* Parstagram */;
			targetProxy = 728E9732254A45E600B5AD86 /* PBXContainerItemProxy */;
		};
/* End PBXTargetDependency section */

/* Begin PBXVariantGroup section */
		728E9719254A45E200B5AD86 /* Main.storyboard */ = {
			isa = PBXVariantGroup;
			children = (
				728E971A254A45E200B5AD86 /* Base */,
			);
			name = Main.storyboard;
			sourceTree = "<group>";
		};
		728E971E254A45E500B5AD86 /* LaunchScreen.storyboard */ = {
			isa = PBXVariantGroup;
			children = (
				728E971F254A45E500B5AD86 /* Base */,
			);
			name = LaunchScreen.storyboard;
			sourceTree = "<group>";
		};
/* End PBXVariantGroup section */

/* Begin XCBuildConfiguration section */
		728E9738254A45E600B5AD86 /* Debug */ = {
			isa = XCBuildConfiguration;
			buildSettings = {
				ALWAYS_SEARCH_USER_PATHS = NO;
				CLANG_ANALYZER_NONNULL = YES;
				CLANG_ANALYZER_NUMBER_OBJECT_CONVERSION = YES_AGGRESSIVE;
				CLANG_CXX_LANGUAGE_STANDARD = "gnu++14";
				CLANG_CXX_LIBRARY = "libc++";
				CLANG_ENABLE_MODULES = YES;
				CLANG_ENABLE_OBJC_ARC = YES;
				CLANG_ENABLE_OBJC_WEAK = YES;
				CLANG_WARN_BLOCK_CAPTURE_AUTORELEASING = YES;
				CLANG_WARN_BOOL_CONVERSION = YES;
				CLANG_WARN_COMMA = YES;
				CLANG_WARN_CONSTANT_CONVERSION = YES;
				CLANG_WARN_DEPRECATED_OBJC_IMPLEMENTATIONS = YES;
				CLANG_WARN_DIRECT_OBJC_ISA_USAGE = YES_ERROR;
				CLANG_WARN_DOCUMENTATION_COMMENTS = YES;
				CLANG_WARN_EMPTY_BODY = YES;
				CLANG_WARN_ENUM_CONVERSION = YES;
				CLANG_WARN_INFINITE_RECURSION = YES;
				CLANG_WARN_INT_CONVERSION = YES;
				CLANG_WARN_NON_LITERAL_NULL_CONVERSION = YES;
				CLANG_WARN_OBJC_IMPLICIT_RETAIN_SELF = YES;
				CLANG_WARN_OBJC_LITERAL_CONVERSION = YES;
				CLANG_WARN_OBJC_ROOT_CLASS = YES_ERROR;
				CLANG_WARN_QUOTED_INCLUDE_IN_FRAMEWORK_HEADER = YES;
				CLANG_WARN_RANGE_LOOP_ANALYSIS = YES;
				CLANG_WARN_STRICT_PROTOTYPES = YES;
				CLANG_WARN_SUSPICIOUS_MOVE = YES;
				CLANG_WARN_UNGUARDED_AVAILABILITY = YES_AGGRESSIVE;
				CLANG_WARN_UNREACHABLE_CODE = YES;
				CLANG_WARN__DUPLICATE_METHOD_MATCH = YES;
				COPY_PHASE_STRIP = NO;
				DEBUG_INFORMATION_FORMAT = dwarf;
				ENABLE_STRICT_OBJC_MSGSEND = YES;
				ENABLE_TESTABILITY = YES;
				GCC_C_LANGUAGE_STANDARD = gnu11;
				GCC_DYNAMIC_NO_PIC = NO;
				GCC_NO_COMMON_BLOCKS = YES;
				GCC_OPTIMIZATION_LEVEL = 0;
				GCC_PREPROCESSOR_DEFINITIONS = (
					"DEBUG=1",
					"$(inherited)",
				);
				GCC_WARN_64_TO_32_BIT_CONVERSION = YES;
				GCC_WARN_ABOUT_RETURN_TYPE = YES_ERROR;
				GCC_WARN_UNDECLARED_SELECTOR = YES;
				GCC_WARN_UNINITIALIZED_AUTOS = YES_AGGRESSIVE;
				GCC_WARN_UNUSED_FUNCTION = YES;
				GCC_WARN_UNUSED_VARIABLE = YES;
				IPHONEOS_DEPLOYMENT_TARGET = 14.1;
				MTL_ENABLE_DEBUG_INFO = INCLUDE_SOURCE;
				MTL_FAST_MATH = YES;
				ONLY_ACTIVE_ARCH = YES;
				SDKROOT = iphoneos;
				SWIFT_ACTIVE_COMPILATION_CONDITIONS = DEBUG;
				SWIFT_OPTIMIZATION_LEVEL = "-Onone";
			};
			name = Debug;
		};
		728E9739254A45E600B5AD86 /* Release */ = {
			isa = XCBuildConfiguration;
			buildSettings = {
				ALWAYS_SEARCH_USER_PATHS = NO;
				CLANG_ANALYZER_NONNULL = YES;
				CLANG_ANALYZER_NUMBER_OBJECT_CONVERSION = YES_AGGRESSIVE;
				CLANG_CXX_LANGUAGE_STANDARD = "gnu++14";
				CLANG_CXX_LIBRARY = "libc++";
				CLANG_ENABLE_MODULES = YES;
				CLANG_ENABLE_OBJC_ARC = YES;
				CLANG_ENABLE_OBJC_WEAK = YES;
				CLANG_WARN_BLOCK_CAPTURE_AUTORELEASING = YES;
				CLANG_WARN_BOOL_CONVERSION = YES;
				CLANG_WARN_COMMA = YES;
				CLANG_WARN_CONSTANT_CONVERSION = YES;
				CLANG_WARN_DEPRECATED_OBJC_IMPLEMENTATIONS = YES;
				CLANG_WARN_DIRECT_OBJC_ISA_USAGE = YES_ERROR;
				CLANG_WARN_DOCUMENTATION_COMMENTS = YES;
				CLANG_WARN_EMPTY_BODY = YES;
				CLANG_WARN_ENUM_CONVERSION = YES;
				CLANG_WARN_INFINITE_RECURSION = YES;
				CLANG_WARN_INT_CONVERSION = YES;
				CLANG_WARN_NON_LITERAL_NULL_CONVERSION = YES;
				CLANG_WARN_OBJC_IMPLICIT_RETAIN_SELF = YES;
				CLANG_WARN_OBJC_LITERAL_CONVERSION = YES;
				CLANG_WARN_OBJC_ROOT_CLASS = YES_ERROR;
				CLANG_WARN_QUOTED_INCLUDE_IN_FRAMEWORK_HEADER = YES;
				CLANG_WARN_RANGE_LOOP_ANALYSIS = YES;
				CLANG_WARN_STRICT_PROTOTYPES = YES;
				CLANG_WARN_SUSPICIOUS_MOVE = YES;
				CLANG_WARN_UNGUARDED_AVAILABILITY = YES_AGGRESSIVE;
				CLANG_WARN_UNREACHABLE_CODE = YES;
				CLANG_WARN__DUPLICATE_METHOD_MATCH = YES;
				COPY_PHASE_STRIP = NO;
				DEBUG_INFORMATION_FORMAT = "dwarf-with-dsym";
				ENABLE_NS_ASSERTIONS = NO;
				ENABLE_STRICT_OBJC_MSGSEND = YES;
				GCC_C_LANGUAGE_STANDARD = gnu11;
				GCC_NO_COMMON_BLOCKS = YES;
				GCC_WARN_64_TO_32_BIT_CONVERSION = YES;
				GCC_WARN_ABOUT_RETURN_TYPE = YES_ERROR;
				GCC_WARN_UNDECLARED_SELECTOR = YES;
				GCC_WARN_UNINITIALIZED_AUTOS = YES_AGGRESSIVE;
				GCC_WARN_UNUSED_FUNCTION = YES;
				GCC_WARN_UNUSED_VARIABLE = YES;
				IPHONEOS_DEPLOYMENT_TARGET = 14.1;
				MTL_ENABLE_DEBUG_INFO = NO;
				MTL_FAST_MATH = YES;
				SDKROOT = iphoneos;
				SWIFT_COMPILATION_MODE = wholemodule;
				SWIFT_OPTIMIZATION_LEVEL = "-O";
				VALIDATE_PRODUCT = YES;
			};
			name = Release;
		};
		728E973B254A45E600B5AD86 /* Debug */ = {
			isa = XCBuildConfiguration;
			baseConfigurationReference = 440056BD7D8C543E3C1D69FD /* Pods-Parstagram.debug.xcconfig */;
			buildSettings = {
				ASSETCATALOG_COMPILER_APPICON_NAME = AppIcon;
				ASSETCATALOG_COMPILER_GLOBAL_ACCENT_COLOR_NAME = AccentColor;
				CODE_SIGN_STYLE = Automatic;
				INFOPLIST_FILE = Parstagram/Info.plist;
				LD_RUNPATH_SEARCH_PATHS = (
					"$(inherited)",
					"@executable_path/Frameworks",
				);
				PRODUCT_BUNDLE_IDENTIFIER = Sanborng.Parstagram;
				PRODUCT_NAME = "$(TARGET_NAME)";
				SWIFT_VERSION = 5.0;
				TARGETED_DEVICE_FAMILY = "1,2";
			};
			name = Debug;
		};
		728E973C254A45E600B5AD86 /* Release */ = {
			isa = XCBuildConfiguration;
			baseConfigurationReference = FCA23EACA3368B6D8C8D16CA /* Pods-Parstagram.release.xcconfig */;
			buildSettings = {
				ASSETCATALOG_COMPILER_APPICON_NAME = AppIcon;
				ASSETCATALOG_COMPILER_GLOBAL_ACCENT_COLOR_NAME = AccentColor;
				CODE_SIGN_STYLE = Automatic;
				INFOPLIST_FILE = Parstagram/Info.plist;
				LD_RUNPATH_SEARCH_PATHS = (
					"$(inherited)",
					"@executable_path/Frameworks",
				);
				PRODUCT_BUNDLE_IDENTIFIER = Sanborng.Parstagram;
				PRODUCT_NAME = "$(TARGET_NAME)";
				SWIFT_VERSION = 5.0;
				TARGETED_DEVICE_FAMILY = "1,2";
			};
			name = Release;
		};
		728E973E254A45E600B5AD86 /* Debug */ = {
			isa = XCBuildConfiguration;
			baseConfigurationReference = 13D06A18FF478712D8A6CF28 /* Pods-ParstagramTests.debug.xcconfig */;
			buildSettings = {
				ALWAYS_EMBED_SWIFT_STANDARD_LIBRARIES = YES;
				BUNDLE_LOADER = "$(TEST_HOST)";
				CODE_SIGN_STYLE = Automatic;
				INFOPLIST_FILE = ParstagramTests/Info.plist;
				IPHONEOS_DEPLOYMENT_TARGET = 14.1;
				LD_RUNPATH_SEARCH_PATHS = (
					"$(inherited)",
					"@executable_path/Frameworks",
					"@loader_path/Frameworks",
				);
				PRODUCT_BUNDLE_IDENTIFIER = Sanborng.ParstagramTests;
				PRODUCT_NAME = "$(TARGET_NAME)";
				SWIFT_VERSION = 5.0;
				TARGETED_DEVICE_FAMILY = "1,2";
				TEST_HOST = "$(BUILT_PRODUCTS_DIR)/Parstagram.app/Parstagram";
			};
			name = Debug;
		};
		728E973F254A45E600B5AD86 /* Release */ = {
			isa = XCBuildConfiguration;
			baseConfigurationReference = FF574A4E0C3A73B913C1C58C /* Pods-ParstagramTests.release.xcconfig */;
			buildSettings = {
				ALWAYS_EMBED_SWIFT_STANDARD_LIBRARIES = YES;
				BUNDLE_LOADER = "$(TEST_HOST)";
				CODE_SIGN_STYLE = Automatic;
				INFOPLIST_FILE = ParstagramTests/Info.plist;
				IPHONEOS_DEPLOYMENT_TARGET = 14.1;
				LD_RUNPATH_SEARCH_PATHS = (
					"$(inherited)",
					"@executable_path/Frameworks",
					"@loader_path/Frameworks",
				);
				PRODUCT_BUNDLE_IDENTIFIER = Sanborng.ParstagramTests;
				PRODUCT_NAME = "$(TARGET_NAME)";
				SWIFT_VERSION = 5.0;
				TARGETED_DEVICE_FAMILY = "1,2";
				TEST_HOST = "$(BUILT_PRODUCTS_DIR)/Parstagram.app/Parstagram";
			};
			name = Release;
		};
		728E9741254A45E600B5AD86 /* Debug */ = {
			isa = XCBuildConfiguration;
			baseConfigurationReference = 257C432124813EE77050B373 /* Pods-Parstagram-ParstagramUITests.debug.xcconfig */;
			buildSettings = {
				ALWAYS_EMBED_SWIFT_STANDARD_LIBRARIES = YES;
				CODE_SIGN_STYLE = Automatic;
				INFOPLIST_FILE = ParstagramUITests/Info.plist;
				LD_RUNPATH_SEARCH_PATHS = (
					"$(inherited)",
					"@executable_path/Frameworks",
					"@loader_path/Frameworks",
				);
				PRODUCT_BUNDLE_IDENTIFIER = Sanborng.ParstagramUITests;
				PRODUCT_NAME = "$(TARGET_NAME)";
				SWIFT_VERSION = 5.0;
				TARGETED_DEVICE_FAMILY = "1,2";
				TEST_TARGET_NAME = Parstagram;
			};
			name = Debug;
		};
		728E9742254A45E600B5AD86 /* Release */ = {
			isa = XCBuildConfiguration;
			baseConfigurationReference = D724D077D681D014F85EBA59 /* Pods-Parstagram-ParstagramUITests.release.xcconfig */;
			buildSettings = {
				ALWAYS_EMBED_SWIFT_STANDARD_LIBRARIES = YES;
				CODE_SIGN_STYLE = Automatic;
				INFOPLIST_FILE = ParstagramUITests/Info.plist;
				LD_RUNPATH_SEARCH_PATHS = (
					"$(inherited)",
					"@executable_path/Frameworks",
					"@loader_path/Frameworks",
				);
				PRODUCT_BUNDLE_IDENTIFIER = Sanborng.ParstagramUITests;
				PRODUCT_NAME = "$(TARGET_NAME)";
				SWIFT_VERSION = 5.0;
				TARGETED_DEVICE_FAMILY = "1,2";
				TEST_TARGET_NAME = Parstagram;
			};
			name = Release;
		};
/* End XCBuildConfiguration section */

/* Begin XCConfigurationList section */
		728E970B254A45E200B5AD86 /* Build configuration list for PBXProject "Parstagram" */ = {
			isa = XCConfigurationList;
			buildConfigurations = (
				728E9738254A45E600B5AD86 /* Debug */,
				728E9739254A45E600B5AD86 /* Release */,
			);
			defaultConfigurationIsVisible = 0;
			defaultConfigurationName = Release;
		};
		728E973A254A45E600B5AD86 /* Build configuration list for PBXNativeTarget "Parstagram" */ = {
			isa = XCConfigurationList;
			buildConfigurations = (
				728E973B254A45E600B5AD86 /* Debug */,
				728E973C254A45E600B5AD86 /* Release */,
			);
			defaultConfigurationIsVisible = 0;
			defaultConfigurationName = Release;
		};
		728E973D254A45E600B5AD86 /* Build configuration list for PBXNativeTarget "ParstagramTests" */ = {
			isa = XCConfigurationList;
			buildConfigurations = (
				728E973E254A45E600B5AD86 /* Debug */,
				728E973F254A45E600B5AD86 /* Release */,
			);
			defaultConfigurationIsVisible = 0;
			defaultConfigurationName = Release;
		};
		728E9740254A45E600B5AD86 /* Build configuration list for PBXNativeTarget "ParstagramUITests" */ = {
			isa = XCConfigurationList;
			buildConfigurations = (
				728E9741254A45E600B5AD86 /* Debug */,
				728E9742254A45E600B5AD86 /* Release */,
			);
			defaultConfigurationIsVisible = 0;
			defaultConfigurationName = Release;
		};
/* End XCConfigurationList section */
	};
	rootObject = 728E9708254A45E200B5AD86 /* Project object */;
}
